
Microsoft Visual Studio Solution File, Format Version 12.00
# Visual Studio Version 16
VisualStudioVersion = 16.0.30711.63
MinimumVisualStudioVersion = 10.0.40219.1
Project("{8BC9CEB8-8B4A-11D0-8D11-00A0C91BC942}") = "Replace in strings", "Replace in strings.vcxproj", "{6F6ADE74-F860-47DC-8BBD-442B0464259A}"
EndProject
Global
	GlobalSection(SolutionConfigurationPlatforms) = preSolution
		Debug|x64 = Debug|x64
		Debug|x86 = Debug|x86
		Release|x64 = Release|x64
		Release|x86 = Release|x86
	EndGlobalSection
	GlobalSection(ProjectConfigurationPlatforms) = postSolution
		{6F6ADE74-F860-47DC-8BBD-442B0464259A}.Debug|x64.ActiveCfg = Debug|x64
		{6F6ADE74-F860-47DC-8BBD-442B0464259A}.Debug|x64.Build.0 = Debug|x64
		{6F6ADE74-F860-47DC-8BBD-442B0464259A}.Debug|x86.ActiveCfg = Debug|Win32
		{6F6ADE74-F860-47DC-8BBD-442B0464259A}.Debug|x86.Build.0 = Debug|Win32
		{6F6ADE74-F860-47DC-8BBD-442B0464259A}.Release|x64.ActiveCfg = Release|x64
		{6F6ADE74-F860-47DC-8BBD-442B0464259A}.Release|x64.Build.0 = Release|x64
		{6F6ADE74-F860-47DC-8BBD-442B0464259A}.Release|x86.ActiveCfg = Release|Win32
		{6F6ADE74-F860-47DC-8BBD-442B0464259A}.Release|x86.Build.0 = Release|Win32
	EndGlobalSection
	GlobalSection(SolutionProperties) = preSolution
		HideSolutionNode = FALSE
	EndGlobalSection
	GlobalSection(ExtensibilityGlobals) = postSolution
		SolutionGuid = {88A94F4A-A62A-4886-9A47-1299AA7308E6}
	EndGlobalSection
EndGlobal
